
Microsoft Visual Studio Solution File, Format Version 12.00
# Visual Studio Version 16
VisualStudioVersion = 16.0.28803.352
MinimumVisualStudioVersion = 10.0.40219.1
Project("{FAE04EC0-301F-11D3-BF4B-00C04F79EFBC}") = "Gateway.Main", "Gateway.Main\Gateway.Main.csproj", "{CBBC7191-5D3F-4A25-AE89-F023CA547053}"
EndProject
Project("{E53339B2-1760-4266-BCC7-CA923CBCF16C}") = "docker-compose", "docker-compose.dcproj", "{4A81D7B3-0D68-402C-BA73-F98BFE797DAE}"
EndProject
Global
	GlobalSection(SolutionConfigurationPlatforms) = preSolution
		Debug|Any CPU = Debug|Any CPU
		Release|Any CPU = Release|Any CPU
	EndGlobalSection
	GlobalSection(ProjectConfigurationPlatforms) = postSolution
		{CBBC7191-5D3F-4A25-AE89-F023CA547053}.Debug|Any CPU.ActiveCfg = Debug|Any CPU
		{CBBC7191-5D3F-4A25-AE89-F023CA547053}.Debug|Any CPU.Build.0 = Debug|Any CPU
		{CBBC7191-5D3F-4A25-AE89-F023CA547053}.Release|Any CPU.ActiveCfg = Release|Any CPU
		{CBBC7191-5D3F-4A25-AE89-F023CA547053}.Release|Any CPU.Build.0 = Release|Any CPU
		{4A81D7B3-0D68-402C-BA73-F98BFE797DAE}.Debug|Any CPU.ActiveCfg = Debug|Any CPU
		{4A81D7B3-0D68-402C-BA73-F98BFE797DAE}.Debug|Any CPU.Build.0 = Debug|Any CPU
		{4A81D7B3-0D68-402C-BA73-F98BFE797DAE}.Release|Any CPU.ActiveCfg = Release|Any CPU
		{4A81D7B3-0D68-402C-BA73-F98BFE797DAE}.Release|Any CPU.Build.0 = Release|Any CPU
	EndGlobalSection
	GlobalSection(SolutionProperties) = preSolution
		HideSolutionNode = FALSE
	EndGlobalSection
	GlobalSection(ExtensibilityGlobals) = postSolution
		SolutionGuid = {D829A915-38E7-475D-967A-E3C5F3183F44}
	EndGlobalSection
EndGlobal
